// !$*UTF8*$!
{
	archiveVersion = 1;
	classes = {
	};
	objectVersion = 50;
	objects = {

/* Begin PBXBuildFile section */
		007D247B20834A9A00FDDAF1 /* AppDelegate.swift in Sources */ = {isa = PBXBuildFile; fileRef = 007D247A20834A9A00FDDAF1 /* AppDelegate.swift */; };
		007D248020834A9A00FDDAF1 /* UsersViewController.storyboard in Resources */ = {isa = PBXBuildFile; fileRef = 007D247E20834A9A00FDDAF1 /* UsersViewController.storyboard */; };
		007D248220834A9B00FDDAF1 /* Assets.xcassets in Resources */ = {isa = PBXBuildFile; fileRef = 007D248120834A9B00FDDAF1 /* Assets.xcassets */; };
		007D248520834A9B00FDDAF1 /* LaunchScreen.storyboard in Resources */ = {isa = PBXBuildFile; fileRef = 007D248320834A9B00FDDAF1 /* LaunchScreen.storyboard */; };
		007D249020834A9B00FDDAF1 /* simple_mvvm_exampleTests.swift in Sources */ = {isa = PBXBuildFile; fileRef = 007D248F20834A9B00FDDAF1 /* simple_mvvm_exampleTests.swift */; };
		007D249E20834AF900FDDAF1 /* UsersViewModel.swift in Sources */ = {isa = PBXBuildFile; fileRef = 007D249A20834AF800FDDAF1 /* UsersViewModel.swift */; };
		007D249F20834AF900FDDAF1 /* UsersViewController.swift in Sources */ = {isa = PBXBuildFile; fileRef = 007D249B20834AF800FDDAF1 /* UsersViewController.swift */; };
		007D24A020834AF900FDDAF1 /* Interfaces.swift in Sources */ = {isa = PBXBuildFile; fileRef = 007D249C20834AF900FDDAF1 /* Interfaces.swift */; };
		007D24A120834AF900FDDAF1 /* UserItemModel.swift in Sources */ = {isa = PBXBuildFile; fileRef = 007D249D20834AF900FDDAF1 /* UserItemModel.swift */; };
		007D24A620834BE600FDDAF1 /* NetworkClient.swift in Sources */ = {isa = PBXBuildFile; fileRef = 007D24A520834BE600FDDAF1 /* NetworkClient.swift */; };
		007D24A820834C0400FDDAF1 /* UsersDataSource.swift in Sources */ = {isa = PBXBuildFile; fileRef = 007D24A720834C0400FDDAF1 /* UsersDataSource.swift */; };
/* End PBXBuildFile section */

/* Begin PBXContainerItemProxy section */
		007D248C20834A9B00FDDAF1 /* PBXContainerItemProxy */ = {
			isa = PBXContainerItemProxy;
			containerPortal = 007D246F20834A9A00FDDAF1 /* Project object */;
			proxyType = 1;
			remoteGlobalIDString = 007D247620834A9A00FDDAF1;
			remoteInfo = "simple-mvvm-example";
		};
/* End PBXContainerItemProxy section */

/* Begin PBXFileReference section */
		007D247720834A9A00FDDAF1 /* simple-mvvm-example.app */ = {isa = PBXFileReference; explicitFileType = wrapper.application; includeInIndex = 0; path = "simple-mvvm-example.app"; sourceTree = BUILT_PRODUCTS_DIR; };
		007D247A20834A9A00FDDAF1 /* AppDelegate.swift */ = {isa = PBXFileReference; lastKnownFileType = sourcecode.swift; path = AppDelegate.swift; sourceTree = "<group>"; };
		007D247F20834A9A00FDDAF1 /* Base */ = {isa = PBXFileReference; lastKnownFileType = file.storyboard; name = Base; path = Base.lproj/UsersViewController.storyboard; sourceTree = "<group>"; };
		007D248120834A9B00FDDAF1 /* Assets.xcassets */ = {isa = PBXFileReference; lastKnownFileType = folder.assetcatalog; path = Assets.xcassets; sourceTree = "<group>"; };
		007D248420834A9B00FDDAF1 /* Base */ = {isa = PBXFileReference; lastKnownFileType = file.storyboard; name = Base; path = Base.lproj/LaunchScreen.storyboard; sourceTree = "<group>"; };
		007D248620834A9B00FDDAF1 /* Info.plist */ = {isa = PBXFileReference; lastKnownFileType = text.plist.xml; path = Info.plist; sourceTree = "<group>"; };
		007D248B20834A9B00FDDAF1 /* simple-mvvm-exampleTests.xctest */ = {isa = PBXFileReference; explicitFileType = wrapper.cfbundle; includeInIndex = 0; path = "simple-mvvm-exampleTests.xctest"; sourceTree = BUILT_PRODUCTS_DIR; };
		007D248F20834A9B00FDDAF1 /* simple_mvvm_exampleTests.swift */ = {isa = PBXFileReference; lastKnownFileType = sourcecode.swift; path = simple_mvvm_exampleTests.swift; sourceTree = "<group>"; };
		007D249120834A9B00FDDAF1 /* Info.plist */ = {isa = PBXFileReference; lastKnownFileType = text.plist.xml; path = Info.plist; sourceTree = "<group>"; };
		007D249A20834AF800FDDAF1 /* UsersViewModel.swift */ = {isa = PBXFileReference; fileEncoding = 4; lastKnownFileType = sourcecode.swift; path = UsersViewModel.swift; sourceTree = "<group>"; };
		007D249B20834AF800FDDAF1 /* UsersViewController.swift */ = {isa = PBXFileReference; fileEncoding = 4; lastKnownFileType = sourcecode.swift; path = UsersViewController.swift; sourceTree = "<group>"; };
		007D249C20834AF900FDDAF1 /* Interfaces.swift */ = {isa = PBXFileReference; fileEncoding = 4; lastKnownFileType = sourcecode.swift; path = Interfaces.swift; sourceTree = "<group>"; };
		007D249D20834AF900FDDAF1 /* UserItemModel.swift */ = {isa = PBXFileReference; fileEncoding = 4; lastKnownFileType = sourcecode.swift; path = UserItemModel.swift; sourceTree = "<group>"; };
		007D24A520834BE600FDDAF1 /* NetworkClient.swift */ = {isa = PBXFileReference; fileEncoding = 4; lastKnownFileType = sourcecode.swift; path = NetworkClient.swift; sourceTree = "<group>"; };
		007D24A720834C0400FDDAF1 /* UsersDataSource.swift */ = {isa = PBXFileReference; lastKnownFileType = sourcecode.swift; path = UsersDataSource.swift; sourceTree = "<group>"; };
/* End PBXFileReference section */

/* Begin PBXFrameworksBuildPhase section */
		007D247420834A9A00FDDAF1 /* Frameworks */ = {
			isa = PBXFrameworksBuildPhase;
			buildActionMask = 2147483647;
			files = (
			);
			runOnlyForDeploymentPostprocessing = 0;
		};
		007D248820834A9B00FDDAF1 /* Frameworks */ = {
			isa = PBXFrameworksBuildPhase;
			buildActionMask = 2147483647;
			files = (
			);
			runOnlyForDeploymentPostprocessing = 0;
		};
/* End PBXFrameworksBuildPhase section */

/* Begin PBXGroup section */
		007D246E20834A9A00FDDAF1 = {
			isa = PBXGroup;
			children = (
				007D247920834A9A00FDDAF1 /* simple-mvvm-example */,
				007D248E20834A9B00FDDAF1 /* simple-mvvm-exampleTests */,
				007D247820834A9A00FDDAF1 /* Products */,
			);
			sourceTree = "<group>";
		};
		007D247820834A9A00FDDAF1 /* Products */ = {
			isa = PBXGroup;
			children = (
				007D247720834A9A00FDDAF1 /* simple-mvvm-example.app */,
				007D248B20834A9B00FDDAF1 /* simple-mvvm-exampleTests.xctest */,
			);
			name = Products;
			sourceTree = "<group>";
		};
		007D247920834A9A00FDDAF1 /* simple-mvvm-example */ = {
			isa = PBXGroup;
			children = (
				007D24A220834B8600FDDAF1 /* Shared */,
				007D24A320834B9300FDDAF1 /* Users */,
				007D247A20834A9A00FDDAF1 /* AppDelegate.swift */,
				007D248120834A9B00FDDAF1 /* Assets.xcassets */,
				007D248320834A9B00FDDAF1 /* LaunchScreen.storyboard */,
				007D248620834A9B00FDDAF1 /* Info.plist */,
			);
			path = "simple-mvvm-example";
			sourceTree = "<group>";
		};
		007D248E20834A9B00FDDAF1 /* simple-mvvm-exampleTests */ = {
			isa = PBXGroup;
			children = (
				007D248F20834A9B00FDDAF1 /* simple_mvvm_exampleTests.swift */,
				007D249120834A9B00FDDAF1 /* Info.plist */,
			);
			path = "simple-mvvm-exampleTests";
			sourceTree = "<group>";
		};
		007D24A220834B8600FDDAF1 /* Shared */ = {
			isa = PBXGroup;
			children = (
				007D24A420834BD300FDDAF1 /* Networking */,
				007D249C20834AF900FDDAF1 /* Interfaces.swift */,
			);
			path = Shared;
			sourceTree = "<group>";
		};
		007D24A320834B9300FDDAF1 /* Users */ = {
			isa = PBXGroup;
			children = (
				007D247E20834A9A00FDDAF1 /* UsersViewController.storyboard */,
				007D249B20834AF800FDDAF1 /* UsersViewController.swift */,
				007D249A20834AF800FDDAF1 /* UsersViewModel.swift */,
				007D249D20834AF900FDDAF1 /* UserItemModel.swift */,
				007D24A720834C0400FDDAF1 /* UsersDataSource.swift */,
			);
			path = Users;
			sourceTree = "<group>";
		};
		007D24A420834BD300FDDAF1 /* Networking */ = {
			isa = PBXGroup;
			children = (
				007D24A520834BE600FDDAF1 /* NetworkClient.swift */,
			);
			path = Networking;
			sourceTree = "<group>";
		};
/* End PBXGroup section */

/* Begin PBXNativeTarget section */
		007D247620834A9A00FDDAF1 /* simple-mvvm-example */ = {
			isa = PBXNativeTarget;
			buildConfigurationList = 007D249420834A9B00FDDAF1 /* Build configuration list for PBXNativeTarget "simple-mvvm-example" */;
			buildPhases = (
				007D247320834A9A00FDDAF1 /* Sources */,
				007D247420834A9A00FDDAF1 /* Frameworks */,
				007D247520834A9A00FDDAF1 /* Resources */,
			);
			buildRules = (
			);
			dependencies = (
			);
			name = "simple-mvvm-example";
			productName = "simple-mvvm-example";
			productReference = 007D247720834A9A00FDDAF1 /* simple-mvvm-example.app */;
			productType = "com.apple.product-type.application";
		};
		007D248A20834A9B00FDDAF1 /* simple-mvvm-exampleTests */ = {
			isa = PBXNativeTarget;
			buildConfigurationList = 007D249720834A9B00FDDAF1 /* Build configuration list for PBXNativeTarget "simple-mvvm-exampleTests" */;
			buildPhases = (
				007D248720834A9B00FDDAF1 /* Sources */,
				007D248820834A9B00FDDAF1 /* Frameworks */,
				007D248920834A9B00FDDAF1 /* Resources */,
			);
			buildRules = (
			);
			dependencies = (
				007D248D20834A9B00FDDAF1 /* PBXTargetDependency */,
			);
			name = "simple-mvvm-exampleTests";
			productName = "simple-mvvm-exampleTests";
			productReference = 007D248B20834A9B00FDDAF1 /* simple-mvvm-exampleTests.xctest */;
			productType = "com.apple.product-type.bundle.unit-test";
		};
/* End PBXNativeTarget section */

/* Begin PBXProject section */
		007D246F20834A9A00FDDAF1 /* Project object */ = {
			isa = PBXProject;
			attributes = {
				LastSwiftUpdateCheck = 0930;
				LastUpgradeCheck = 0930;
				ORGANIZATIONNAME = "Nishadh Shrestha";
				TargetAttributes = {
					007D247620834A9A00FDDAF1 = {
						CreatedOnToolsVersion = 9.3;
					};
					007D248A20834A9B00FDDAF1 = {
						CreatedOnToolsVersion = 9.3;
						TestTargetID = 007D247620834A9A00FDDAF1;
					};
				};
			};
			buildConfigurationList = 007D247220834A9A00FDDAF1 /* Build configuration list for PBXProject "simple-mvvm-example" */;
			compatibilityVersion = "Xcode 9.3";
			developmentRegion = en;
			hasScannedForEncodings = 0;
			knownRegions = (
				en,
				Base,
			);
			mainGroup = 007D246E20834A9A00FDDAF1;
			productRefGroup = 007D247820834A9A00FDDAF1 /* Products */;
			projectDirPath = "";
			projectRoot = "";
			targets = (
				007D247620834A9A00FDDAF1 /* simple-mvvm-example */,
				007D248A20834A9B00FDDAF1 /* simple-mvvm-exampleTests */,
			);
		};
/* End PBXProject section */

/* Begin PBXResourcesBuildPhase section */
		007D247520834A9A00FDDAF1 /* Resources */ = {
			isa = PBXResourcesBuildPhase;
			buildActionMask = 2147483647;
			files = (
				007D248520834A9B00FDDAF1 /* LaunchScreen.storyboard in Resources */,
				007D248220834A9B00FDDAF1 /* Assets.xcassets in Resources */,
				007D248020834A9A00FDDAF1 /* UsersViewController.storyboard in Resources */,
			);
			runOnlyForDeploymentPostprocessing = 0;
		};
		007D248920834A9B00FDDAF1 /* Resources */ = {
			isa = PBXResourcesBuildPhase;
			buildActionMask = 2147483647;
			files = (
			);
			runOnlyForDeploymentPostprocessing = 0;
		};
/* End PBXResourcesBuildPhase section */

/* Begin PBXSourcesBuildPhase section */
		007D247320834A9A00FDDAF1 /* Sources */ = {
			isa = PBXSourcesBuildPhase;
			buildActionMask = 2147483647;
			files = (
				007D249F20834AF900FDDAF1 /* UsersViewController.swift in Sources */,
				007D24A020834AF900FDDAF1 /* Interfaces.swift in Sources */,
				007D24A820834C0400FDDAF1 /* UsersDataSource.swift in Sources */,
				007D24A120834AF900FDDAF1 /* UserItemModel.swift in Sources */,
				007D249E20834AF900FDDAF1 /* UsersViewModel.swift in Sources */,
				007D247B20834A9A00FDDAF1 /* AppDelegate.swift in Sources */,
				007D24A620834BE600FDDAF1 /* NetworkClient.swift in Sources */,
			);
			runOnlyForDeploymentPostprocessing = 0;
		};
		007D248720834A9B00FDDAF1 /* Sources */ = {
			isa = PBXSourcesBuildPhase;
			buildActionMask = 2147483647;
			files = (
				007D249020834A9B00FDDAF1 /* simple_mvvm_exampleTests.swift in Sources */,
			);
			runOnlyForDeploymentPostprocessing = 0;
		};
/* End PBXSourcesBuildPhase section */

/* Begin PBXTargetDependency section */
		007D248D20834A9B00FDDAF1 /* PBXTargetDependency */ = {
			isa = PBXTargetDependency;
			target = 007D247620834A9A00FDDAF1 /* simple-mvvm-example */;
			targetProxy = 007D248C20834A9B00FDDAF1 /* PBXContainerItemProxy */;
		};
/* End PBXTargetDependency section */

/* Begin PBXVariantGroup section */
		007D247E20834A9A00FDDAF1 /* UsersViewController.storyboard */ = {
			isa = PBXVariantGroup;
			children = (
				007D247F20834A9A00FDDAF1 /* Base */,
			);
			name = UsersViewController.storyboard;
			sourceTree = "<group>";
		};
		007D248320834A9B00FDDAF1 /* LaunchScreen.storyboard */ = {
			isa = PBXVariantGroup;
			children = (
				007D248420834A9B00FDDAF1 /* Base */,
			);
			name = LaunchScreen.storyboard;
			sourceTree = "<group>";
		};
/* End PBXVariantGroup section */

/* Begin XCBuildConfiguration section */
		007D249220834A9B00FDDAF1 /* Debug */ = {
			isa = XCBuildConfiguration;
			buildSettings = {
				ALWAYS_SEARCH_USER_PATHS = NO;
				CLANG_ANALYZER_NONNULL = YES;
				CLANG_ANALYZER_NUMBER_OBJECT_CONVERSION = YES_AGGRESSIVE;
				CLANG_CXX_LANGUAGE_STANDARD = "gnu++14";
				CLANG_CXX_LIBRARY = "libc++";
				CLANG_ENABLE_MODULES = YES;
				CLANG_ENABLE_OBJC_ARC = YES;
				CLANG_ENABLE_OBJC_WEAK = YES;
				CLANG_WARN_BLOCK_CAPTURE_AUTORELEASING = YES;
				CLANG_WARN_BOOL_CONVERSION = YES;
				CLANG_WARN_COMMA = YES;
				CLANG_WARN_CONSTANT_CONVERSION = YES;
				CLANG_WARN_DEPRECATED_OBJC_IMPLEMENTATIONS = YES;
				CLANG_WARN_DIRECT_OBJC_ISA_USAGE = YES_ERROR;
				CLANG_WARN_DOCUMENTATION_COMMENTS = YES;
				CLANG_WARN_EMPTY_BODY = YES;
				CLANG_WARN_ENUM_CONVERSION = YES;
				CLANG_WARN_INFINITE_RECURSION = YES;
				CLANG_WARN_INT_CONVERSION = YES;
				CLANG_WARN_NON_LITERAL_NULL_CONVERSION = YES;
				CLANG_WARN_OBJC_IMPLICIT_RETAIN_SELF = YES;
				CLANG_WARN_OBJC_LITERAL_CONVERSION = YES;
				CLANG_WARN_OBJC_ROOT_CLASS = YES_ERROR;
				CLANG_WARN_RANGE_LOOP_ANALYSIS = YES;
				CLANG_WARN_STRICT_PROTOTYPES = YES;
				CLANG_WARN_SUSPICIOUS_MOVE = YES;
				CLANG_WARN_UNGUARDED_AVAILABILITY = YES_AGGRESSIVE;
				CLANG_WARN_UNREACHABLE_CODE = YES;
				CLANG_WARN__DUPLICATE_METHOD_MATCH = YES;
				CODE_SIGN_IDENTITY = "iPhone Developer";
				COPY_PHASE_STRIP = NO;
				DEBUG_INFORMATION_FORMAT = dwarf;
				ENABLE_STRICT_OBJC_MSGSEND = YES;
				ENABLE_TESTABILITY = YES;
				GCC_C_LANGUAGE_STANDARD = gnu11;
				GCC_DYNAMIC_NO_PIC = NO;
				GCC_NO_COMMON_BLOCKS = YES;
				GCC_OPTIMIZATION_LEVEL = 0;
				GCC_PREPROCESSOR_DEFINITIONS = (
					"DEBUG=1",
					"$(inherited)",
				);
				GCC_WARN_64_TO_32_BIT_CONVERSION = YES;
				GCC_WARN_ABOUT_RETURN_TYPE = YES_ERROR;
				GCC_WARN_UNDECLARED_SELECTOR = YES;
				GCC_WARN_UNINITIALIZED_AUTOS = YES_AGGRESSIVE;
				GCC_WARN_UNUSED_FUNCTION = YES;
				GCC_WARN_UNUSED_VARIABLE = YES;
				IPHONEOS_DEPLOYMENT_TARGET = 11.3;
				MTL_ENABLE_DEBUG_INFO = YES;
				ONLY_ACTIVE_ARCH = YES;
				SDKROOT = iphoneos;
				SWIFT_ACTIVE_COMPILATION_CONDITIONS = DEBUG;
				SWIFT_OPTIMIZATION_LEVEL = "-Onone";
			};
			name = Debug;
		};
		007D249320834A9B00FDDAF1 /* Release */ = {
			isa = XCBuildConfiguration;
			buildSettings = {
				ALWAYS_SEARCH_USER_PATHS = NO;
				CLANG_ANALYZER_NONNULL = YES;
				CLANG_ANALYZER_NUMBER_OBJECT_CONVERSION = YES_AGGRESSIVE;
				CLANG_CXX_LANGUAGE_STANDARD = "gnu++14";
				CLANG_CXX_LIBRARY = "libc++";
				CLANG_ENABLE_MODULES = YES;
				CLANG_ENABLE_OBJC_ARC = YES;
				CLANG_ENABLE_OBJC_WEAK = YES;
				CLANG_WARN_BLOCK_CAPTURE_AUTORELEASING = YES;
				CLANG_WARN_BOOL_CONVERSION = YES;
				CLANG_WARN_COMMA = YES;
				CLANG_WARN_CONSTANT_CONVERSION = YES;
				CLANG_WARN_DEPRECATED_OBJC_IMPLEMENTATIONS = YES;
				CLANG_WARN_DIRECT_OBJC_ISA_USAGE = YES_ERROR;
				CLANG_WARN_DOCUMENTATION_COMMENTS = YES;
				CLANG_WARN_EMPTY_BODY = YES;
				CLANG_WARN_ENUM_CONVERSION = YES;
				CLANG_WARN_INFINITE_RECURSION = YES;
				CLANG_WARN_INT_CONVERSION = YES;
				CLANG_WARN_NON_LITERAL_NULL_CONVERSION = YES;
				CLANG_WARN_OBJC_IMPLICIT_RETAIN_SELF = YES;
				CLANG_WARN_OBJC_LITERAL_CONVERSION = YES;
				CLANG_WARN_OBJC_ROOT_CLASS = YES_ERROR;
				CLANG_WARN_RANGE_LOOP_ANALYSIS = YES;
				CLANG_WARN_STRICT_PROTOTYPES = YES;
				CLANG_WARN_SUSPICIOUS_MOVE = YES;
				CLANG_WARN_UNGUARDED_AVAILABILITY = YES_AGGRESSIVE;
				CLANG_WARN_UNREACHABLE_CODE = YES;
				CLANG_WARN__DUPLICATE_METHOD_MATCH = YES;
				CODE_SIGN_IDENTITY = "iPhone Developer";
				COPY_PHASE_STRIP = NO;
				DEBUG_INFORMATION_FORMAT = "dwarf-with-dsym";
				ENABLE_NS_ASSERTIONS = NO;
				ENABLE_STRICT_OBJC_MSGSEND = YES;
				GCC_C_LANGUAGE_STANDARD = gnu11;
				GCC_NO_COMMON_BLOCKS = YES;
				GCC_WARN_64_TO_32_BIT_CONVERSION = YES;
				GCC_WARN_ABOUT_RETURN_TYPE = YES_ERROR;
				GCC_WARN_UNDECLARED_SELECTOR = YES;
				GCC_WARN_UNINITIALIZED_AUTOS = YES_AGGRESSIVE;
				GCC_WARN_UNUSED_FUNCTION = YES;
				GCC_WARN_UNUSED_VARIABLE = YES;
				IPHONEOS_DEPLOYMENT_TARGET = 11.3;
				MTL_ENABLE_DEBUG_INFO = NO;
				SDKROOT = iphoneos;
				SWIFT_COMPILATION_MODE = wholemodule;
				SWIFT_OPTIMIZATION_LEVEL = "-O";
				VALIDATE_PRODUCT = YES;
			};
			name = Release;
		};
		007D249520834A9B00FDDAF1 /* Debug */ = {
			isa = XCBuildConfiguration;
			buildSettings = {
				ASSETCATALOG_COMPILER_APPICON_NAME = AppIcon;
				CODE_SIGN_STYLE = Automatic;
				INFOPLIST_FILE = "simple-mvvm-example/Info.plist";
				LD_RUNPATH_SEARCH_PATHS = (
					"$(inherited)",
					"@executable_path/Frameworks",
				);
				PRODUCT_BUNDLE_IDENTIFIER = "com.nishadh.simple-mvvm-example";
				PRODUCT_NAME = "$(TARGET_NAME)";
				SWIFT_VERSION = 4.0;
				TARGETED_DEVICE_FAMILY = "1,2";
			};
			name = Debug;
		};
		007D249620834A9B00FDDAF1 /* Release */ = {
			isa = XCBuildConfiguration;
			buildSettings = {
				ASSETCATALOG_COMPILER_APPICON_NAME = AppIcon;
				CODE_SIGN_STYLE = Automatic;
				INFOPLIST_FILE = "simple-mvvm-example/Info.plist";
				LD_RUNPATH_SEARCH_PATHS = (
					"$(inherited)",
					"@executable_path/Frameworks",
				);
				PRODUCT_BUNDLE_IDENTIFIER = "com.nishadh.simple-mvvm-example";
				PRODUCT_NAME = "$(TARGET_NAME)";
				SWIFT_VERSION = 4.0;
				TARGETED_DEVICE_FAMILY = "1,2";
			};
			name = Release;
		};
		007D249820834A9B00FDDAF1 /* Debug */ = {
			isa = XCBuildConfiguration;
			buildSettings = {
				ALWAYS_EMBED_SWIFT_STANDARD_LIBRARIES = YES;
				BUNDLE_LOADER = "$(TEST_HOST)";
				CODE_SIGN_STYLE = Automatic;
				INFOPLIST_FILE = "simple-mvvm-exampleTests/Info.plist";
				LD_RUNPATH_SEARCH_PATHS = (
					"$(inherited)",
					"@executable_path/Frameworks",
					"@loader_path/Frameworks",
				);
				PRODUCT_BUNDLE_IDENTIFIER = "com.nishadh.simple-mvvm-exampleTests";
				PRODUCT_NAME = "$(TARGET_NAME)";
				SWIFT_VERSION = 4.0;
				TARGETED_DEVICE_FAMILY = "1,2";
				TEST_HOST = "$(BUILT_PRODUCTS_DIR)/simple-mvvm-example.app/simple-mvvm-example";
			};
			name = Debug;
		};
		007D249920834A9B00FDDAF1 /* Release */ = {
			isa = XCBuildConfiguration;
			buildSettings = {
				ALWAYS_EMBED_SWIFT_STANDARD_LIBRARIES = YES;
				BUNDLE_LOADER = "$(TEST_HOST)";
				CODE_SIGN_STYLE = Automatic;
				INFOPLIST_FILE = "simple-mvvm-exampleTests/Info.plist";
				LD_RUNPATH_SEARCH_PATHS = (
					"$(inherited)",
					"@executable_path/Frameworks",
					"@loader_path/Frameworks",
				);
				PRODUCT_BUNDLE_IDENTIFIER = "com.nishadh.simple-mvvm-exampleTests";
				PRODUCT_NAME = "$(TARGET_NAME)";
				SWIFT_VERSION = 4.0;
				TARGETED_DEVICE_FAMILY = "1,2";
				TEST_HOST = "$(BUILT_PRODUCTS_DIR)/simple-mvvm-example.app/simple-mvvm-example";
			};
			name = Release;
		};
/* End XCBuildConfiguration section */

/* Begin XCConfigurationList section */
		007D247220834A9A00FDDAF1 /* Build configuration list for PBXProject "simple-mvvm-example" */ = {
			isa = XCConfigurationList;
			buildConfigurations = (
				007D249220834A9B00FDDAF1 /* Debug */,
				007D249320834A9B00FDDAF1 /* Release */,
			);
			defaultConfigurationIsVisible = 0;
			defaultConfigurationName = Release;
		};
		007D249420834A9B00FDDAF1 /* Build configuration list for PBXNativeTarget "simple-mvvm-example" */ = {
			isa = XCConfigurationList;
			buildConfigurations = (
				007D249520834A9B00FDDAF1 /* Debug */,
				007D249620834A9B00FDDAF1 /* Release */,
			);
			defaultConfigurationIsVisible = 0;
			defaultConfigurationName = Release;
		};
		007D249720834A9B00FDDAF1 /* Build configuration list for PBXNativeTarget "simple-mvvm-exampleTests" */ = {
			isa = XCConfigurationList;
			buildConfigurations = (
				007D249820834A9B00FDDAF1 /* Debug */,
				007D249920834A9B00FDDAF1 /* Release */,
			);
			defaultConfigurationIsVisible = 0;
			defaultConfigurationName = Release;
		};
/* End XCConfigurationList section */
	};
	rootObject = 007D246F20834A9A00FDDAF1 /* Project object */;
}
